
Microsoft Visual Studio Solution File, Format Version 12.00
Project("{FAE04EC0-301F-11D3-BF4B-00C04F79EFBC}") = "AdventOfCode2024", "AdventOfCode2024\AdventOfCode2024.csproj", "{FB495527-7F48-427C-8EFA-23091C6D675B}"
EndProject
Global
	GlobalSection(SolutionConfigurationPlatforms) = preSolution
		Debug|Any CPU = Debug|Any CPU
		Release|Any CPU = Release|Any CPU
	EndGlobalSection
	GlobalSection(ProjectConfigurationPlatforms) = postSolution
		{FB495527-7F48-427C-8EFA-23091C6D675B}.Debug|Any CPU.ActiveCfg = Debug|Any CPU
		{FB495527-7F48-427C-8EFA-23091C6D675B}.Debug|Any CPU.Build.0 = Debug|Any CPU
		{FB495527-7F48-427C-8EFA-23091C6D675B}.Release|Any CPU.ActiveCfg = Release|Any CPU
		{FB495527-7F48-427C-8EFA-23091C6D675B}.Release|Any CPU.Build.0 = Release|Any CPU
	EndGlobalSection
EndGlobal
